
Microsoft Visual Studio Solution File, Format Version 12.00
# Visual Studio Version 17
VisualStudioVersion = 17.14.36518.9 d17.14
MinimumVisualStudioVersion = 10.0.40219.1
Project("{FAE04EC0-301F-11D3-BF4B-00C04F79EFBC}") = "CaroProjectNhom15", "CaroProjectNhom15\CaroProjectNhom15.csproj", "{83F15465-DDCE-419B-BC2F-75952F2E56FF}"
EndProject
Global
	GlobalSection(SolutionConfigurationPlatforms) = preSolution
		Debug|Any CPU = Debug|Any CPU
		Release|Any CPU = Release|Any CPU
	EndGlobalSection
	GlobalSection(ProjectConfigurationPlatforms) = postSolution
		{83F15465-DDCE-419B-BC2F-75952F2E56FF}.Debug|Any CPU.ActiveCfg = Debug|Any CPU
		{83F15465-DDCE-419B-BC2F-75952F2E56FF}.Debug|Any CPU.Build.0 = Debug|Any CPU
		{83F15465-DDCE-419B-BC2F-75952F2E56FF}.Release|Any CPU.ActiveCfg = Release|Any CPU
		{83F15465-DDCE-419B-BC2F-75952F2E56FF}.Release|Any CPU.Build.0 = Release|Any CPU
	EndGlobalSection
	GlobalSection(SolutionProperties) = preSolution
		HideSolutionNode = FALSE
	EndGlobalSection
	GlobalSection(ExtensibilityGlobals) = postSolution
		SolutionGuid = {9BF0BCD9-5CF0-4A8B-A649-3C522C8E1B5D}
	EndGlobalSection
EndGlobal
